NeoBundleLock neobundle.vim 0b44247d063838e7709aeb225727020080cdc454
NeoBundleLock neocomplcache.vim d83bcbd0b142eb8de9d669ead26914cd7322a51c
NeoBundleLock nerdtree 3b98a7fcae8f9fff356907171f0406ff8cd28921
NeoBundleLock syntastic bcaf7cbcc9c21f3d70f1d699e84397cb5a5812dc
NeoBundleLock vim-fugitive 34719016ec934609387e90804ad49b3d221f0b19
NeoBundleLock vim-surround fa433e0b7330753688f715f3be5d10dc480f20e5
NeoBundleLock vimproc.vim 4c496c7281f73bb90b86816088d3a5f01e03297e
NeoBundleLock vimshell 3787e52766812d8b99a93ccdda57517bc2a0bab6
